
Microsoft Visual Studio Solution File, Format Version 12.00
# Visual Studio Version 17
VisualStudioVersion = 17.0.31903.59
MinimumVisualStudioVersion = 10.0.40219.1
Project("{FAE04EC0-301F-11D3-BF4B-00C04F79EFBC}") = "Contracts", "Contracts\Contracts.csproj", "{1EB28712-61B3-4B75-AC7D-2D906F67E20B}"
EndProject
Project("{FAE04EC0-301F-11D3-BF4B-00C04F79EFBC}") = "api", "api\api.csproj", "{B4779FA5-5F14-4F99-9C34-FD1AF6A63F01}"
EndProject
Global
	GlobalSection(SolutionConfigurationPlatforms) = preSolution
		Debug|Any CPU = Debug|Any CPU
		Release|Any CPU = Release|Any CPU
	EndGlobalSection
	GlobalSection(SolutionProperties) = preSolution
		HideSolutionNode = FALSE
	EndGlobalSection
	GlobalSection(ProjectConfigurationPlatforms) = postSolution
		{1EB28712-61B3-4B75-AC7D-2D906F67E20B}.Debug|Any CPU.ActiveCfg = Debug|Any CPU
		{1EB28712-61B3-4B75-AC7D-2D906F67E20B}.Debug|Any CPU.Build.0 = Debug|Any CPU
		{1EB28712-61B3-4B75-AC7D-2D906F67E20B}.Release|Any CPU.ActiveCfg = Release|Any CPU
		{1EB28712-61B3-4B75-AC7D-2D906F67E20B}.Release|Any CPU.Build.0 = Release|Any CPU
		{B4779FA5-5F14-4F99-9C34-FD1AF6A63F01}.Debug|Any CPU.ActiveCfg = Debug|Any CPU
		{B4779FA5-5F14-4F99-9C34-FD1AF6A63F01}.Debug|Any CPU.Build.0 = Debug|Any CPU
		{B4779FA5-5F14-4F99-9C34-FD1AF6A63F01}.Release|Any CPU.ActiveCfg = Release|Any CPU
		{B4779FA5-5F14-4F99-9C34-FD1AF6A63F01}.Release|Any CPU.Build.0 = Release|Any CPU
		{63308645-0E7F-4A43-A52C-D0F4958F60E3}.Debug|Any CPU.ActiveCfg = Debug|Any CPU
		{63308645-0E7F-4A43-A52C-D0F4958F60E3}.Debug|Any CPU.Build.0 = Debug|Any CPU
		{63308645-0E7F-4A43-A52C-D0F4958F60E3}.Release|Any CPU.ActiveCfg = Release|Any CPU
		{63308645-0E7F-4A43-A52C-D0F4958F60E3}.Release|Any CPU.Build.0 = Release|Any CPU
	EndGlobalSection
EndGlobal
